
Microsoft Visual Studio Solution File, Format Version 12.00
# Visual Studio Version 16
VisualStudioVersion = 16.0.31005.135
MinimumVisualStudioVersion = 10.0.40219.1
Project("{8BC9CEB8-8B4A-11D0-8D11-00A0C91BC942}") = "GPC-Tema4", "GPC-Tema4.vcxproj", "{9AEF1289-627B-4732-878B-DF0F47DA0E6C}"
EndProject
Global
	GlobalSection(SolutionConfigurationPlatforms) = preSolution
		Debug|x64 = Debug|x64
		Debug|x86 = Debug|x86
		Release|x64 = Release|x64
		Release|x86 = Release|x86
	EndGlobalSection
	GlobalSection(ProjectConfigurationPlatforms) = postSolution
		{9AEF1289-627B-4732-878B-DF0F47DA0E6C}.Debug|x64.ActiveCfg = Debug|x64
		{9AEF1289-627B-4732-878B-DF0F47DA0E6C}.Debug|x64.Build.0 = Debug|x64
		{9AEF1289-627B-4732-878B-DF0F47DA0E6C}.Debug|x86.ActiveCfg = Debug|Win32
		{9AEF1289-627B-4732-878B-DF0F47DA0E6C}.Debug|x86.Build.0 = Debug|Win32
		{9AEF1289-627B-4732-878B-DF0F47DA0E6C}.Release|x64.ActiveCfg = Release|x64
		{9AEF1289-627B-4732-878B-DF0F47DA0E6C}.Release|x64.Build.0 = Release|x64
		{9AEF1289-627B-4732-878B-DF0F47DA0E6C}.Release|x86.ActiveCfg = Release|Win32
		{9AEF1289-627B-4732-878B-DF0F47DA0E6C}.Release|x86.Build.0 = Release|Win32
	EndGlobalSection
	GlobalSection(SolutionProperties) = preSolution
		HideSolutionNode = FALSE
	EndGlobalSection
	GlobalSection(ExtensibilityGlobals) = postSolution
		SolutionGuid = {9A311B20-6A9F-4C31-B1FD-4B1013810592}
	EndGlobalSection
EndGlobal
